// !$*UTF8*$!
{
	archiveVersion = 1;
	classes = {
	};
	objectVersion = 56;
	objects = {

/* Begin PBXBuildFile section */
		D4F9BE5D2B52AC740023329A /* Quran_AppApp.swift in Sources */ = {isa = PBXBuildFile; fileRef = D4F9BE5C2B52AC740023329A /* Quran_AppApp.swift */; };
		D4F9BE5F2B52AC740023329A /* ContentView.swift in Sources */ = {isa = PBXBuildFile; fileRef = D4F9BE5E2B52AC740023329A /* ContentView.swift */; };
		D4F9BE612B52AC760023329A /* Assets.xcassets in Resources */ = {isa = PBXBuildFile; fileRef = D4F9BE602B52AC760023329A /* Assets.xcassets */; };
		D4F9BE642B52AC760023329A /* Preview Assets.xcassets in Resources */ = {isa = PBXBuildFile; fileRef = D4F9BE632B52AC760023329A /* Preview Assets.xcassets */; };
		D4F9BE6E2B52AC760023329A /* Quran_AppTests.swift in Sources */ = {isa = PBXBuildFile; fileRef = D4F9BE6D2B52AC760023329A /* Quran_AppTests.swift */; };
		D4F9BE782B52AC760023329A /* Quran_AppUITests.swift in Sources */ = {isa = PBXBuildFile; fileRef = D4F9BE772B52AC760023329A /* Quran_AppUITests.swift */; };
		D4F9BE7A2B52AC760023329A /* Quran_AppUITestsLaunchTests.swift in Sources */ = {isa = PBXBuildFile; fileRef = D4F9BE792B52AC760023329A /* Quran_AppUITestsLaunchTests.swift */; };
		D4F9BE892B52AD390023329A /* p3.ttf in Resources */ = {isa = PBXBuildFile; fileRef = D4F9BE872B52AD390023329A /* p3.ttf */; };
		D4F9BE8A2B52AD390023329A /* p4.ttf in Resources */ = {isa = PBXBuildFile; fileRef = D4F9BE882B52AD390023329A /* p4.ttf */; };
/* End PBXBuildFile section */

/* Begin PBXContainerItemProxy section */
		D4F9BE6A2B52AC760023329A /* PBXContainerItemProxy */ = {
			isa = PBXContainerItemProxy;
			containerPortal = D4F9BE512B52AC740023329A /* Project object */;
			proxyType = 1;
			remoteGlobalIDString = D4F9BE582B52AC740023329A;
			remoteInfo = Quran.App;
		};
		D4F9BE742B52AC760023329A /* PBXContainerItemProxy */ = {
			isa = PBXContainerItemProxy;
			containerPortal = D4F9BE512B52AC740023329A /* Project object */;
			proxyType = 1;
			remoteGlobalIDString = D4F9BE582B52AC740023329A;
			remoteInfo = Quran.App;
		};
/* End PBXContainerItemProxy section */

/* Begin PBXFileReference section */
		D4F9BE592B52AC740023329A /* Quran.App.app */ = {isa = PBXFileReference; explicitFileType = wrapper.application; includeInIndex = 0; path = Quran.App.app; sourceTree = BUILT_PRODUCTS_DIR; };
		D4F9BE5C2B52AC740023329A /* Quran_AppApp.swift */ = {isa = PBXFileReference; lastKnownFileType = sourcecode.swift; path = Quran_AppApp.swift; sourceTree = "<group>"; };
		D4F9BE5E2B52AC740023329A /* ContentView.swift */ = {isa = PBXFileReference; lastKnownFileType = sourcecode.swift; path = ContentView.swift; sourceTree = "<group>"; };
		D4F9BE602B52AC760023329A /* Assets.xcassets */ = {isa = PBXFileReference; lastKnownFileType = folder.assetcatalog; path = Assets.xcassets; sourceTree = "<group>"; };
		D4F9BE632B52AC760023329A /* Preview Assets.xcassets */ = {isa = PBXFileReference; lastKnownFileType = folder.assetcatalog; path = "Preview Assets.xcassets"; sourceTree = "<group>"; };
		D4F9BE692B52AC760023329A /* Quran.AppTests.xctest */ = {isa = PBXFileReference; explicitFileType = wrapper.cfbundle; includeInIndex = 0; path = Quran.AppTests.xctest; sourceTree = BUILT_PRODUCTS_DIR; };
		D4F9BE6D2B52AC760023329A /* Quran_AppTests.swift */ = {isa = PBXFileReference; lastKnownFileType = sourcecode.swift; path = Quran_AppTests.swift; sourceTree = "<group>"; };
		D4F9BE732B52AC760023329A /* Quran.AppUITests.xctest */ = {isa = PBXFileReference; explicitFileType = wrapper.cfbundle; includeInIndex = 0; path = Quran.AppUITests.xctest; sourceTree = BUILT_PRODUCTS_DIR; };
		D4F9BE772B52AC760023329A /* Quran_AppUITests.swift */ = {isa = PBXFileReference; lastKnownFileType = sourcecode.swift; path = Quran_AppUITests.swift; sourceTree = "<group>"; };
		D4F9BE792B52AC760023329A /* Quran_AppUITestsLaunchTests.swift */ = {isa = PBXFileReference; lastKnownFileType = sourcecode.swift; path = Quran_AppUITestsLaunchTests.swift; sourceTree = "<group>"; };
		D4F9BE872B52AD390023329A /* p3.ttf */ = {isa = PBXFileReference; lastKnownFileType = file; path = p3.ttf; sourceTree = "<group>"; };
		D4F9BE882B52AD390023329A /* p4.ttf */ = {isa = PBXFileReference; lastKnownFileType = file; path = p4.ttf; sourceTree = "<group>"; };
		D4F9BE8B2B52AD5A0023329A /* Quran-App-Info.plist */ = {isa = PBXFileReference; lastKnownFileType = text.plist; path = "Quran-App-Info.plist"; sourceTree = SOURCE_ROOT; };
/* End PBXFileReference section */

/* Begin PBXFrameworksBuildPhase section */
		D4F9BE562B52AC740023329A /* Frameworks */ = {
			isa = PBXFrameworksBuildPhase;
			buildActionMask = 2147483647;
			files = (
			);
			runOnlyForDeploymentPostprocessing = 0;
		};
		D4F9BE662B52AC760023329A /* Frameworks */ = {
			isa = PBXFrameworksBuildPhase;
			buildActionMask = 2147483647;
			files = (
			);
			runOnlyForDeploymentPostprocessing = 0;
		};
		D4F9BE702B52AC760023329A /* Frameworks */ = {
			isa = PBXFrameworksBuildPhase;
			buildActionMask = 2147483647;
			files = (
			);
			runOnlyForDeploymentPostprocessing = 0;
		};
/* End PBXFrameworksBuildPhase section */

/* Begin PBXGroup section */
		D4F9BE502B52AC740023329A = {
			isa = PBXGroup;
			children = (
				D4F9BE5B2B52AC740023329A /* Quran.App */,
				D4F9BE6C2B52AC760023329A /* Quran.AppTests */,
				D4F9BE762B52AC760023329A /* Quran.AppUITests */,
				D4F9BE5A2B52AC740023329A /* Products */,
			);
			sourceTree = "<group>";
		};
		D4F9BE5A2B52AC740023329A /* Products */ = {
			isa = PBXGroup;
			children = (
				D4F9BE592B52AC740023329A /* Quran.App.app */,
				D4F9BE692B52AC760023329A /* Quran.AppTests.xctest */,
				D4F9BE732B52AC760023329A /* Quran.AppUITests.xctest */,
			);
			name = Products;
			sourceTree = "<group>";
		};
		D4F9BE5B2B52AC740023329A /* Quran.App */ = {
			isa = PBXGroup;
			children = (
				D4F9BE8B2B52AD5A0023329A /* Quran-App-Info.plist */,
				D4F9BE862B52AD170023329A /* Font */,
				D4F9BE5C2B52AC740023329A /* Quran_AppApp.swift */,
				D4F9BE5E2B52AC740023329A /* ContentView.swift */,
				D4F9BE622B52AC760023329A /* Preview Content */,
				D4F9BE602B52AC760023329A /* Assets.xcassets */,
			);
			path = Quran.App;
			sourceTree = "<group>";
		};
		D4F9BE622B52AC760023329A /* Preview Content */ = {
			isa = PBXGroup;
			children = (
				D4F9BE632B52AC760023329A /* Preview Assets.xcassets */,
			);
			path = "Preview Content";
			sourceTree = "<group>";
		};
		D4F9BE6C2B52AC760023329A /* Quran.AppTests */ = {
			isa = PBXGroup;
			children = (
				D4F9BE6D2B52AC760023329A /* Quran_AppTests.swift */,
			);
			path = Quran.AppTests;
			sourceTree = "<group>";
		};
		D4F9BE762B52AC760023329A /* Quran.AppUITests */ = {
			isa = PBXGroup;
			children = (
				D4F9BE772B52AC760023329A /* Quran_AppUITests.swift */,
				D4F9BE792B52AC760023329A /* Quran_AppUITestsLaunchTests.swift */,
			);
			path = Quran.AppUITests;
			sourceTree = "<group>";
		};
		D4F9BE862B52AD170023329A /* Font */ = {
			isa = PBXGroup;
			children = (
				D4F9BE872B52AD390023329A /* p3.ttf */,
				D4F9BE882B52AD390023329A /* p4.ttf */,
			);
			path = Font;
			sourceTree = "<group>";
		};
/* End PBXGroup section */

/* Begin PBXNativeTarget section */
		D4F9BE582B52AC740023329A /* Quran.App */ = {
			isa = PBXNativeTarget;
			buildConfigurationList = D4F9BE7D2B52AC760023329A /* Build configuration list for PBXNativeTarget "Quran.App" */;
			buildPhases = (
				D4F9BE552B52AC740023329A /* Sources */,
				D4F9BE562B52AC740023329A /* Frameworks */,
				D4F9BE572B52AC740023329A /* Resources */,
			);
			buildRules = (
			);
			dependencies = (
			);
			name = Quran.App;
			productName = Quran.App;
			productReference = D4F9BE592B52AC740023329A /* Quran.App.app */;
			productType = "com.apple.product-type.application";
		};
		D4F9BE682B52AC760023329A /* Quran.AppTests */ = {
			isa = PBXNativeTarget;
			buildConfigurationList = D4F9BE802B52AC760023329A /* Build configuration list for PBXNativeTarget "Quran.AppTests" */;
			buildPhases = (
				D4F9BE652B52AC760023329A /* Sources */,
				D4F9BE662B52AC760023329A /* Frameworks */,
				D4F9BE672B52AC760023329A /* Resources */,
			);
			buildRules = (
			);
			dependencies = (
				D4F9BE6B2B52AC760023329A /* PBXTargetDependency */,
			);
			name = Quran.AppTests;
			productName = Quran.AppTests;
			productReference = D4F9BE692B52AC760023329A /* Quran.AppTests.xctest */;
			productType = "com.apple.product-type.bundle.unit-test";
		};
		D4F9BE722B52AC760023329A /* Quran.AppUITests */ = {
			isa = PBXNativeTarget;
			buildConfigurationList = D4F9BE832B52AC760023329A /* Build configuration list for PBXNativeTarget "Quran.AppUITests" */;
			buildPhases = (
				D4F9BE6F2B52AC760023329A /* Sources */,
				D4F9BE702B52AC760023329A /* Frameworks */,
				D4F9BE712B52AC760023329A /* Resources */,
			);
			buildRules = (
			);
			dependencies = (
				D4F9BE752B52AC760023329A /* PBXTargetDependency */,
			);
			name = Quran.AppUITests;
			productName = Quran.AppUITests;
			productReference = D4F9BE732B52AC760023329A /* Quran.AppUITests.xctest */;
			productType = "com.apple.product-type.bundle.ui-testing";
		};
/* End PBXNativeTarget section */

/* Begin PBXProject section */
		D4F9BE512B52AC740023329A /* Project object */ = {
			isa = PBXProject;
			attributes = {
				BuildIndependentTargetsInParallel = 1;
				LastSwiftUpdateCheck = 1510;
				LastUpgradeCheck = 1510;
				TargetAttributes = {
					D4F9BE582B52AC740023329A = {
						CreatedOnToolsVersion = 15.1;
					};
					D4F9BE682B52AC760023329A = {
						CreatedOnToolsVersion = 15.1;
						TestTargetID = D4F9BE582B52AC740023329A;
					};
					D4F9BE722B52AC760023329A = {
						CreatedOnToolsVersion = 15.1;
						TestTargetID = D4F9BE582B52AC740023329A;
					};
				};
			};
			buildConfigurationList = D4F9BE542B52AC740023329A /* Build configuration list for PBXProject "Quran.App" */;
			compatibilityVersion = "Xcode 14.0";
			developmentRegion = en;
			hasScannedForEncodings = 0;
			knownRegions = (
				en,
				Base,
				ar,
			);
			mainGroup = D4F9BE502B52AC740023329A;
			productRefGroup = D4F9BE5A2B52AC740023329A /* Products */;
			projectDirPath = "";
			projectRoot = "";
			targets = (
				D4F9BE582B52AC740023329A /* Quran.App */,
				D4F9BE682B52AC760023329A /* Quran.AppTests */,
				D4F9BE722B52AC760023329A /* Quran.AppUITests */,
			);
		};
/* End PBXProject section */

/* Begin PBXResourcesBuildPhase section */
		D4F9BE572B52AC740023329A /* Resources */ = {
			isa = PBXResourcesBuildPhase;
			buildActionMask = 2147483647;
			files = (
				D4F9BE642B52AC760023329A /* Preview Assets.xcassets in Resources */,
				D4F9BE612B52AC760023329A /* Assets.xcassets in Resources */,
				D4F9BE8A2B52AD390023329A /* p4.ttf in Resources */,
				D4F9BE892B52AD390023329A /* p3.ttf in Resources */,
			);
			runOnlyForDeploymentPostprocessing = 0;
		};
		D4F9BE672B52AC760023329A /* Resources */ = {
			isa = PBXResourcesBuildPhase;
			buildActionMask = 2147483647;
			files = (
			);
			runOnlyForDeploymentPostprocessing = 0;
		};
		D4F9BE712B52AC760023329A /* Resources */ = {
			isa = PBXResourcesBuildPhase;
			buildActionMask = 2147483647;
			files = (
			);
			runOnlyForDeploymentPostprocessing = 0;
		};
/* End PBXResourcesBuildPhase section */

/* Begin PBXSourcesBuildPhase section */
		D4F9BE552B52AC740023329A /* Sources */ = {
			isa = PBXSourcesBuildPhase;
			buildActionMask = 2147483647;
			files = (
				D4F9BE5F2B52AC740023329A /* ContentView.swift in Sources */,
				D4F9BE5D2B52AC740023329A /* Quran_AppApp.swift in Sources */,
			);
			runOnlyForDeploymentPostprocessing = 0;
		};
		D4F9BE652B52AC760023329A /* Sources */ = {
			isa = PBXSourcesBuildPhase;
			buildActionMask = 2147483647;
			files = (
				D4F9BE6E2B52AC760023329A /* Quran_AppTests.swift in Sources */,
			);
			runOnlyForDeploymentPostprocessing = 0;
		};
		D4F9BE6F2B52AC760023329A /* Sources */ = {
			isa = PBXSourcesBuildPhase;
			buildActionMask = 2147483647;
			files = (
				D4F9BE7A2B52AC760023329A /* Quran_AppUITestsLaunchTests.swift in Sources */,
				D4F9BE782B52AC760023329A /* Quran_AppUITests.swift in Sources */,
			);
			runOnlyForDeploymentPostprocessing = 0;
		};
/* End PBXSourcesBuildPhase section */

/* Begin PBXTargetDependency section */
		D4F9BE6B2B52AC760023329A /* PBXTargetDependency */ = {
			isa = PBXTargetDependency;
			target = D4F9BE582B52AC740023329A /* Quran.App */;
			targetProxy = D4F9BE6A2B52AC760023329A /* PBXContainerItemProxy */;
		};
		D4F9BE752B52AC760023329A /* PBXTargetDependency */ = {
			isa = PBXTargetDependency;
			target = D4F9BE582B52AC740023329A /* Quran.App */;
			targetProxy = D4F9BE742B52AC760023329A /* PBXContainerItemProxy */;
		};
/* End PBXTargetDependency section */

/* Begin XCBuildConfiguration section */
		D4F9BE7B2B52AC760023329A /* Debug */ = {
			isa = XCBuildConfiguration;
			buildSettings = {
				ALWAYS_SEARCH_USER_PATHS = NO;
				ASSETCATALOG_COMPILER_GENERATE_SWIFT_ASSET_SYMBOL_EXTENSIONS = YES;
				CLANG_ANALYZER_NONNULL = YES;
				CLANG_ANALYZER_NUMBER_OBJECT_CONVERSION = YES_AGGRESSIVE;
				CLANG_CXX_LANGUAGE_STANDARD = "gnu++20";
				CLANG_ENABLE_MODULES = YES;
				CLANG_ENABLE_OBJC_ARC = YES;
				CLANG_ENABLE_OBJC_WEAK = YES;
				CLANG_WARN_BLOCK_CAPTURE_AUTORELEASING = YES;
				CLANG_WARN_BOOL_CONVERSION = YES;
				CLANG_WARN_COMMA = YES;
				CLANG_WARN_CONSTANT_CONVERSION = YES;
				CLANG_WARN_DEPRECATED_OBJC_IMPLEMENTATIONS = YES;
				CLANG_WARN_DIRECT_OBJC_ISA_USAGE = YES_ERROR;
				CLANG_WARN_DOCUMENTATION_COMMENTS = YES;
				CLANG_WARN_EMPTY_BODY = YES;
				CLANG_WARN_ENUM_CONVERSION = YES;
				CLANG_WARN_INFINITE_RECURSION = YES;
				CLANG_WARN_INT_CONVERSION = YES;
				CLANG_WARN_NON_LITERAL_NULL_CONVERSION = YES;
				CLANG_WARN_OBJC_IMPLICIT_RETAIN_SELF = YES;
				CLANG_WARN_OBJC_LITERAL_CONVERSION = YES;
				CLANG_WARN_OBJC_ROOT_CLASS = YES_ERROR;
				CLANG_WARN_QUOTED_INCLUDE_IN_FRAMEWORK_HEADER = YES;
				CLANG_WARN_RANGE_LOOP_ANALYSIS = YES;
				CLANG_WARN_STRICT_PROTOTYPES = YES;
				CLANG_WARN_SUSPICIOUS_MOVE = YES;
				CLANG_WARN_UNGUARDED_AVAILABILITY = YES_AGGRESSIVE;
				CLANG_WARN_UNREACHABLE_CODE = YES;
				CLANG_WARN__DUPLICATE_METHOD_MATCH = YES;
				COPY_PHASE_STRIP = NO;
				DEBUG_INFORMATION_FORMAT = dwarf;
				ENABLE_STRICT_OBJC_MSGSEND = YES;
				ENABLE_TESTABILITY = YES;
				ENABLE_USER_SCRIPT_SANDBOXING = YES;
				GCC_C_LANGUAGE_STANDARD = gnu17;
				GCC_DYNAMIC_NO_PIC = NO;
				GCC_NO_COMMON_BLOCKS = YES;
				GCC_OPTIMIZATION_LEVEL = 0;
				GCC_PREPROCESSOR_DEFINITIONS = (
					"DEBUG=1",
					"$(inherited)",
				);
				GCC_WARN_64_TO_32_BIT_CONVERSION = YES;
				GCC_WARN_ABOUT_RETURN_TYPE = YES_ERROR;
				GCC_WARN_UNDECLARED_SELECTOR = YES;
				GCC_WARN_UNINITIALIZED_AUTOS = YES_AGGRESSIVE;
				GCC_WARN_UNUSED_FUNCTION = YES;
				GCC_WARN_UNUSED_VARIABLE = YES;
				IPHONEOS_DEPLOYMENT_TARGET = 17.2;
				LOCALIZATION_PREFERS_STRING_CATALOGS = YES;
				MTL_ENABLE_DEBUG_INFO = INCLUDE_SOURCE;
				MTL_FAST_MATH = YES;
				ONLY_ACTIVE_ARCH = YES;
				SDKROOT = iphoneos;
				SWIFT_ACTIVE_COMPILATION_CONDITIONS = "DEBUG $(inherited)";
				SWIFT_OPTIMIZATION_LEVEL = "-Onone";
			};
			name = Debug;
		};
		D4F9BE7C2B52AC760023329A /* Release */ = {
			isa = XCBuildConfiguration;
			buildSettings = {
				ALWAYS_SEARCH_USER_PATHS = NO;
				ASSETCATALOG_COMPILER_GENERATE_SWIFT_ASSET_SYMBOL_EXTENSIONS = YES;
				CLANG_ANALYZER_NONNULL = YES;
				CLANG_ANALYZER_NUMBER_OBJECT_CONVERSION = YES_AGGRESSIVE;
				CLANG_CXX_LANGUAGE_STANDARD = "gnu++20";
				CLANG_ENABLE_MODULES = YES;
				CLANG_ENABLE_OBJC_ARC = YES;
				CLANG_ENABLE_OBJC_WEAK = YES;
				CLANG_WARN_BLOCK_CAPTURE_AUTORELEASING = YES;
				CLANG_WARN_BOOL_CONVERSION = YES;
				CLANG_WARN_COMMA = YES;
				CLANG_WARN_CONSTANT_CONVERSION = YES;
				CLANG_WARN_DEPRECATED_OBJC_IMPLEMENTATIONS = YES;
				CLANG_WARN_DIRECT_OBJC_ISA_USAGE = YES_ERROR;
				CLANG_WARN_DOCUMENTATION_COMMENTS = YES;
				CLANG_WARN_EMPTY_BODY = YES;
				CLANG_WARN_ENUM_CONVERSION = YES;
				CLANG_WARN_INFINITE_RECURSION = YES;
				CLANG_WARN_INT_CONVERSION = YES;
				CLANG_WARN_NON_LITERAL_NULL_CONVERSION = YES;
				CLANG_WARN_OBJC_IMPLICIT_RETAIN_SELF = YES;
				CLANG_WARN_OBJC_LITERAL_CONVERSION = YES;
				CLANG_WARN_OBJC_ROOT_CLASS = YES_ERROR;
				CLANG_WARN_QUOTED_INCLUDE_IN_FRAMEWORK_HEADER = YES;
				CLANG_WARN_RANGE_LOOP_ANALYSIS = YES;
				CLANG_WARN_STRICT_PROTOTYPES = YES;
				CLANG_WARN_SUSPICIOUS_MOVE = YES;
				CLANG_WARN_UNGUARDED_AVAILABILITY = YES_AGGRESSIVE;
				CLANG_WARN_UNREACHABLE_CODE = YES;
				CLANG_WARN__DUPLICATE_METHOD_MATCH = YES;
				COPY_PHASE_STRIP = NO;
				DEBUG_INFORMATION_FORMAT = "dwarf-with-dsym";
				ENABLE_NS_ASSERTIONS = NO;
				ENABLE_STRICT_OBJC_MSGSEND = YES;
				ENABLE_USER_SCRIPT_SANDBOXING = YES;
				GCC_C_LANGUAGE_STANDARD = gnu17;
				GCC_NO_COMMON_BLOCKS = YES;
				GCC_WARN_64_TO_32_BIT_CONVERSION = YES;
				GCC_WARN_ABOUT_RETURN_TYPE = YES_ERROR;
				GCC_WARN_UNDECLARED_SELECTOR = YES;
				GCC_WARN_UNINITIALIZED_AUTOS = YES_AGGRESSIVE;
				GCC_WARN_UNUSED_FUNCTION = YES;
				GCC_WARN_UNUSED_VARIABLE = YES;
				IPHONEOS_DEPLOYMENT_TARGET = 17.2;
				LOCALIZATION_PREFERS_STRING_CATALOGS = YES;
				MTL_ENABLE_DEBUG_INFO = NO;
				MTL_FAST_MATH = YES;
				SDKROOT = iphoneos;
				SWIFT_COMPILATION_MODE = wholemodule;
				VALIDATE_PRODUCT = YES;
			};
			name = Release;
		};
		D4F9BE7E2B52AC760023329A /* Debug */ = {
			isa = XCBuildConfiguration;
			buildSettings = {
				ASSETCATALOG_COMPILER_APPICON_NAME = AppIcon;
				ASSETCATALOG_COMPILER_GLOBAL_ACCENT_COLOR_NAME = AccentColor;
				CODE_SIGN_STYLE = Automatic;
				CURRENT_PROJECT_VERSION = 1;
				DEVELOPMENT_ASSET_PATHS = "\"Quran.App/Preview Content\"";
				DEVELOPMENT_TEAM = LPY59J6YN4;
				ENABLE_PREVIEWS = YES;
				GENERATE_INFOPLIST_FILE = YES;
				INFOPLIST_FILE = "Quran-App-Info.plist";
				INFOPLIST_KEY_UIApplicationSceneManifest_Generation = YES;
				INFOPLIST_KEY_UIApplicationSupportsIndirectInputEvents = YES;
				INFOPLIST_KEY_UILaunchScreen_Generation = YES;
				INFOPLIST_KEY_UISupportedInterfaceOrientations_iPad = "UIInterfaceOrientationPortrait UIInterfaceOrientationPortraitUpsideDown UIInterfaceOrientationLandscapeLeft UIInterfaceOrientationLandscapeRight";
				INFOPLIST_KEY_UISupportedInterfaceOrientations_iPhone = "UIInterfaceOrientationPortrait UIInterfaceOrientationLandscapeLeft UIInterfaceOrientationLandscapeRight";
				LD_RUNPATH_SEARCH_PATHS = (
					"$(inherited)",
					"@executable_path/Frameworks",
				);
				MARKETING_VERSION = 1.0;
				PRODUCT_BUNDLE_IDENTIFIER = "eyh.com.TaskManagerAppTest.Quran-App";
				PRODUCT_NAME = "$(TARGET_NAME)";
				SUPPORTED_PLATFORMS = "iphoneos iphonesimulator";
				SUPPORTS_MACCATALYST = NO;
				SUPPORTS_MAC_DESIGNED_FOR_IPHONE_IPAD = NO;
				SWIFT_EMIT_LOC_STRINGS = YES;
				SWIFT_VERSION = 5.0;
				TARGETED_DEVICE_FAMILY = 1;
			};
			name = Debug;
		};
		D4F9BE7F2B52AC760023329A /* Release */ = {
			isa = XCBuildConfiguration;
			buildSettings = {
				ASSETCATALOG_COMPILER_APPICON_NAME = AppIcon;
				ASSETCATALOG_COMPILER_GLOBAL_ACCENT_COLOR_NAME = AccentColor;
				CODE_SIGN_STYLE = Automatic;
				CURRENT_PROJECT_VERSION = 1;
				DEVELOPMENT_ASSET_PATHS = "\"Quran.App/Preview Content\"";
				DEVELOPMENT_TEAM = LPY59J6YN4;
				ENABLE_PREVIEWS = YES;
				GENERATE_INFOPLIST_FILE = YES;
				INFOPLIST_FILE = "Quran-App-Info.plist";
				INFOPLIST_KEY_UIApplicationSceneManifest_Generation = YES;
				INFOPLIST_KEY_UIApplicationSupportsIndirectInputEvents = YES;
				INFOPLIST_KEY_UILaunchScreen_Generation = YES;
				INFOPLIST_KEY_UISupportedInterfaceOrientations_iPad = "UIInterfaceOrientationPortrait UIInterfaceOrientationPortraitUpsideDown UIInterfaceOrientationLandscapeLeft UIInterfaceOrientationLandscapeRight";
				INFOPLIST_KEY_UISupportedInterfaceOrientations_iPhone = "UIInterfaceOrientationPortrait UIInterfaceOrientationLandscapeLeft UIInterfaceOrientationLandscapeRight";
				LD_RUNPATH_SEARCH_PATHS = (
					"$(inherited)",
					"@executable_path/Frameworks",
				);
				MARKETING_VERSION = 1.0;
				PRODUCT_BUNDLE_IDENTIFIER = "eyh.com.TaskManagerAppTest.Quran-App";
				PRODUCT_NAME = "$(TARGET_NAME)";
				SUPPORTED_PLATFORMS = "iphoneos iphonesimulator";
				SUPPORTS_MACCATALYST = NO;
				SUPPORTS_MAC_DESIGNED_FOR_IPHONE_IPAD = NO;
				SWIFT_EMIT_LOC_STRINGS = YES;
				SWIFT_VERSION = 5.0;
				TARGETED_DEVICE_FAMILY = 1;
			};
			name = Release;
		};
		D4F9BE812B52AC760023329A /* Debug */ = {
			isa = XCBuildConfiguration;
			buildSettings = {
				ALWAYS_EMBED_SWIFT_STANDARD_LIBRARIES = YES;
				BUNDLE_LOADER = "$(TEST_HOST)";
				CODE_SIGN_STYLE = Automatic;
				CURRENT_PROJECT_VERSION = 1;
				DEVELOPMENT_TEAM = LPY59J6YN4;
				GENERATE_INFOPLIST_FILE = YES;
				IPHONEOS_DEPLOYMENT_TARGET = 17.2;
				MARKETING_VERSION = 1.0;
				PRODUCT_BUNDLE_IDENTIFIER = "eyh.com.TaskManagerAppTest.Quran-AppTests";
				PRODUCT_NAME = "$(TARGET_NAME)";
				SWIFT_EMIT_LOC_STRINGS = NO;
				SWIFT_VERSION = 5.0;
				TARGETED_DEVICE_FAMILY = "1,2";
				TEST_HOST = "$(BUILT_PRODUCTS_DIR)/Quran.App.app/$(BUNDLE_EXECUTABLE_FOLDER_PATH)/Quran.App";
			};
			name = Debug;
		};
		D4F9BE822B52AC760023329A /* Release */ = {
			isa = XCBuildConfiguration;
			buildSettings = {
				ALWAYS_EMBED_SWIFT_STANDARD_LIBRARIES = YES;
				BUNDLE_LOADER = "$(TEST_HOST)";
				CODE_SIGN_STYLE = Automatic;
				CURRENT_PROJECT_VERSION = 1;
				DEVELOPMENT_TEAM = LPY59J6YN4;
				GENERATE_INFOPLIST_FILE = YES;
				IPHONEOS_DEPLOYMENT_TARGET = 17.2;
				MARKETING_VERSION = 1.0;
				PRODUCT_BUNDLE_IDENTIFIER = "eyh.com.TaskManagerAppTest.Quran-AppTests";
				PRODUCT_NAME = "$(TARGET_NAME)";
				SWIFT_EMIT_LOC_STRINGS = NO;
				SWIFT_VERSION = 5.0;
				TARGETED_DEVICE_FAMILY = "1,2";
				TEST_HOST = "$(BUILT_PRODUCTS_DIR)/Quran.App.app/$(BUNDLE_EXECUTABLE_FOLDER_PATH)/Quran.App";
			};
			name = Release;
		};
		D4F9BE842B52AC760023329A /* Debug */ = {
			isa = XCBuildConfiguration;
			buildSettings = {
				ALWAYS_EMBED_SWIFT_STANDARD_LIBRARIES = YES;
				CODE_SIGN_STYLE = Automatic;
				CURRENT_PROJECT_VERSION = 1;
				DEVELOPMENT_TEAM = LPY59J6YN4;
				GENERATE_INFOPLIST_FILE = YES;
				MARKETING_VERSION = 1.0;
				PRODUCT_BUNDLE_IDENTIFIER = "eyh.com.TaskManagerAppTest.Quran-AppUITests";
				PRODUCT_NAME = "$(TARGET_NAME)";
				SWIFT_EMIT_LOC_STRINGS = NO;
				SWIFT_VERSION = 5.0;
				TARGETED_DEVICE_FAMILY = "1,2";
				TEST_TARGET_NAME = Quran.App;
			};
			name = Debug;
		};
		D4F9BE852B52AC760023329A /* Release */ = {
			isa = XCBuildConfiguration;
			buildSettings = {
				ALWAYS_EMBED_SWIFT_STANDARD_LIBRARIES = YES;
				CODE_SIGN_STYLE = Automatic;
				CURRENT_PROJECT_VERSION = 1;
				DEVELOPMENT_TEAM = LPY59J6YN4;
				GENERATE_INFOPLIST_FILE = YES;
				MARKETING_VERSION = 1.0;
				PRODUCT_BUNDLE_IDENTIFIER = "eyh.com.TaskManagerAppTest.Quran-AppUITests";
				PRODUCT_NAME = "$(TARGET_NAME)";
				SWIFT_EMIT_LOC_STRINGS = NO;
				SWIFT_VERSION = 5.0;
				TARGETED_DEVICE_FAMILY = "1,2";
				TEST_TARGET_NAME = Quran.App;
			};
			name = Release;
		};
/* End XCBuildConfiguration section */

/* Begin XCConfigurationList section */
		D4F9BE542B52AC740023329A /* Build configuration list for PBXProject "Quran.App" */ = {
			isa = XCConfigurationList;
			buildConfigurations = (
				D4F9BE7B2B52AC760023329A /* Debug */,
				D4F9BE7C2B52AC760023329A /* Release */,
			);
			defaultConfigurationIsVisible = 0;
			defaultConfigurationName = Release;
		};
		D4F9BE7D2B52AC760023329A /* Build configuration list for PBXNativeTarget "Quran.App" */ = {
			isa = XCConfigurationList;
			buildConfigurations = (
				D4F9BE7E2B52AC760023329A /* Debug */,
				D4F9BE7F2B52AC760023329A /* Release */,
			);
			defaultConfigurationIsVisible = 0;
			defaultConfigurationName = Release;
		};
		D4F9BE802B52AC760023329A /* Build configuration list for PBXNativeTarget "Quran.AppTests" */ = {
			isa = XCConfigurationList;
			buildConfigurations = (
				D4F9BE812B52AC760023329A /* Debug */,
				D4F9BE822B52AC760023329A /* Release */,
			);
			defaultConfigurationIsVisible = 0;
			defaultConfigurationName = Release;
		};
		D4F9BE832B52AC760023329A /* Build configuration list for PBXNativeTarget "Quran.AppUITests" */ = {
			isa = XCConfigurationList;
			buildConfigurations = (
				D4F9BE842B52AC760023329A /* Debug */,
				D4F9BE852B52AC760023329A /* Release */,
			);
			defaultConfigurationIsVisible = 0;
			defaultConfigurationName = Release;
		};
/* End XCConfigurationList section */
	};
	rootObject = D4F9BE512B52AC740023329A /* Project object */;
}
